// !$*UTF8*$!
{
	archiveVersion = 1;
	classes = {
	};
	objectVersion = 46;
	objects = {

/* Begin PBXBuildFile section */
		A65447271D6A99FD00CE7BA6 /* Announcement.swift in Sources */ = {isa = PBXBuildFile; fileRef = A65447261D6A99FD00CE7BA6 /* Announcement.swift */; };
		A65447291D6AB50300CE7BA6 /* ScheduleTableViewCell.swift in Sources */ = {isa = PBXBuildFile; fileRef = A65447281D6AB50300CE7BA6 /* ScheduleTableViewCell.swift */; };
		A654472B1D6AB65900CE7BA6 /* Extensions.swift in Sources */ = {isa = PBXBuildFile; fileRef = A654472A1D6AB65900CE7BA6 /* Extensions.swift */; };
		A68E247D1D717B82001BA27B /* Period.swift in Sources */ = {isa = PBXBuildFile; fileRef = A68E247C1D717B82001BA27B /* Period.swift */; };
		A6D86D021D692171007F0CA4 /* AppDelegate.swift in Sources */ = {isa = PBXBuildFile; fileRef = A6D86D011D692171007F0CA4 /* AppDelegate.swift */; };
		A6D86D041D692171007F0CA4 /* HomeViewController.swift in Sources */ = {isa = PBXBuildFile; fileRef = A6D86D031D692171007F0CA4 /* HomeViewController.swift */; };
		A6D86D071D692171007F0CA4 /* Main.storyboard in Resources */ = {isa = PBXBuildFile; fileRef = A6D86D051D692171007F0CA4 /* Main.storyboard */; };
		A6D86D091D692171007F0CA4 /* Assets.xcassets in Resources */ = {isa = PBXBuildFile; fileRef = A6D86D081D692171007F0CA4 /* Assets.xcassets */; };
		A6D86D0C1D692171007F0CA4 /* LaunchScreen.storyboard in Resources */ = {isa = PBXBuildFile; fileRef = A6D86D0A1D692171007F0CA4 /* LaunchScreen.storyboard */; };
		A6D86D171D692171007F0CA4 /* WestviewTests.swift in Sources */ = {isa = PBXBuildFile; fileRef = A6D86D161D692171007F0CA4 /* WestviewTests.swift */; };
		A6D86D221D692171007F0CA4 /* WestviewUITests.swift in Sources */ = {isa = PBXBuildFile; fileRef = A6D86D211D692171007F0CA4 /* WestviewUITests.swift */; };
		A6D86D321D69290B007F0CA4 /* BlankTableViewCell.swift in Sources */ = {isa = PBXBuildFile; fileRef = A6D86D301D69290B007F0CA4 /* BlankTableViewCell.swift */; };
		A6D86D371D692FF1007F0CA4 /* announcement.html in Resources */ = {isa = PBXBuildFile; fileRef = A6D86D361D692FF1007F0CA4 /* announcement.html */; };
		A6D86D3B1D6944F8007F0CA4 /* ImageCollectionViewCell.swift in Sources */ = {isa = PBXBuildFile; fileRef = A6D86D3A1D6944F8007F0CA4 /* ImageCollectionViewCell.swift */; };
		A6D86D3D1D694C23007F0CA4 /* ScheduleViewController.swift in Sources */ = {isa = PBXBuildFile; fileRef = A6D86D3C1D694C23007F0CA4 /* ScheduleViewController.swift */; };
/* End PBXBuildFile section */

/* Begin PBXContainerItemProxy section */
		A6D86D131D692171007F0CA4 /* PBXContainerItemProxy */ = {
			isa = PBXContainerItemProxy;
			containerPortal = A6D86CF61D692171007F0CA4 /* Project object */;
			proxyType = 1;
			remoteGlobalIDString = A6D86CFD1D692171007F0CA4;
			remoteInfo = Westview;
		};
		A6D86D1E1D692171007F0CA4 /* PBXContainerItemProxy */ = {
			isa = PBXContainerItemProxy;
			containerPortal = A6D86CF61D692171007F0CA4 /* Project object */;
			proxyType = 1;
			remoteGlobalIDString = A6D86CFD1D692171007F0CA4;
			remoteInfo = Westview;
		};
/* End PBXContainerItemProxy section */

/* Begin PBXFileReference section */
		A65447261D6A99FD00CE7BA6 /* Announcement.swift */ = {isa = PBXFileReference; fileEncoding = 4; lastKnownFileType = sourcecode.swift; path = Announcement.swift; sourceTree = "<group>"; };
		A65447281D6AB50300CE7BA6 /* ScheduleTableViewCell.swift */ = {isa = PBXFileReference; fileEncoding = 4; lastKnownFileType = sourcecode.swift; path = ScheduleTableViewCell.swift; sourceTree = "<group>"; };
		A654472A1D6AB65900CE7BA6 /* Extensions.swift */ = {isa = PBXFileReference; fileEncoding = 4; lastKnownFileType = sourcecode.swift; path = Extensions.swift; sourceTree = "<group>"; };
		A68E247C1D717B82001BA27B /* Period.swift */ = {isa = PBXFileReference; fileEncoding = 4; lastKnownFileType = sourcecode.swift; path = Period.swift; sourceTree = "<group>"; };
		A6D86CFE1D692171007F0CA4 /* Westview.app */ = {isa = PBXFileReference; explicitFileType = wrapper.application; includeInIndex = 0; path = Westview.app; sourceTree = BUILT_PRODUCTS_DIR; };
		A6D86D011D692171007F0CA4 /* AppDelegate.swift */ = {isa = PBXFileReference; lastKnownFileType = sourcecode.swift; path = AppDelegate.swift; sourceTree = "<group>"; };
		A6D86D031D692171007F0CA4 /* HomeViewController.swift */ = {isa = PBXFileReference; lastKnownFileType = sourcecode.swift; path = HomeViewController.swift; sourceTree = "<group>"; };
		A6D86D061D692171007F0CA4 /* Base */ = {isa = PBXFileReference; lastKnownFileType = file.storyboard; name = Base; path = Base.lproj/Main.storyboard; sourceTree = "<group>"; };
		A6D86D081D692171007F0CA4 /* Assets.xcassets */ = {isa = PBXFileReference; lastKnownFileType = folder.assetcatalog; path = Assets.xcassets; sourceTree = "<group>"; };
		A6D86D0B1D692171007F0CA4 /* Base */ = {isa = PBXFileReference; lastKnownFileType = file.storyboard; name = Base; path = Base.lproj/LaunchScreen.storyboard; sourceTree = "<group>"; };
		A6D86D0D1D692171007F0CA4 /* Info.plist */ = {isa = PBXFileReference; lastKnownFileType = text.plist.xml; path = Info.plist; sourceTree = "<group>"; };
		A6D86D121D692171007F0CA4 /* WestviewTests.xctest */ = {isa = PBXFileReference; explicitFileType = wrapper.cfbundle; includeInIndex = 0; path = WestviewTests.xctest; sourceTree = BUILT_PRODUCTS_DIR; };
		A6D86D161D692171007F0CA4 /* WestviewTests.swift */ = {isa = PBXFileReference; lastKnownFileType = sourcecode.swift; path = WestviewTests.swift; sourceTree = "<group>"; };
		A6D86D181D692171007F0CA4 /* Info.plist */ = {isa = PBXFileReference; lastKnownFileType = text.plist.xml; path = Info.plist; sourceTree = "<group>"; };
		A6D86D1D1D692171007F0CA4 /* WestviewUITests.xctest */ = {isa = PBXFileReference; explicitFileType = wrapper.cfbundle; includeInIndex = 0; path = WestviewUITests.xctest; sourceTree = BUILT_PRODUCTS_DIR; };
		A6D86D211D692171007F0CA4 /* WestviewUITests.swift */ = {isa = PBXFileReference; lastKnownFileType = sourcecode.swift; path = WestviewUITests.swift; sourceTree = "<group>"; };
		A6D86D231D692171007F0CA4 /* Info.plist */ = {isa = PBXFileReference; lastKnownFileType = text.plist.xml; path = Info.plist; sourceTree = "<group>"; };
		A6D86D301D69290B007F0CA4 /* BlankTableViewCell.swift */ = {isa = PBXFileReference; fileEncoding = 4; lastKnownFileType = sourcecode.swift; path = BlankTableViewCell.swift; sourceTree = "<group>"; };
		A6D86D361D692FF1007F0CA4 /* announcement.html */ = {isa = PBXFileReference; fileEncoding = 4; lastKnownFileType = text.html; path = announcement.html; sourceTree = "<group>"; };
		A6D86D3A1D6944F8007F0CA4 /* ImageCollectionViewCell.swift */ = {isa = PBXFileReference; fileEncoding = 4; lastKnownFileType = sourcecode.swift; name = ImageCollectionViewCell.swift; path = ../ImageCollectionViewCell.swift; sourceTree = "<group>"; };
		A6D86D3C1D694C23007F0CA4 /* ScheduleViewController.swift */ = {isa = PBXFileReference; fileEncoding = 4; lastKnownFileType = sourcecode.swift; path = ScheduleViewController.swift; sourceTree = "<group>"; };
/* End PBXFileReference section */

/* Begin PBXFrameworksBuildPhase section */
		A6D86CFB1D692171007F0CA4 /* Frameworks */ = {
			isa = PBXFrameworksBuildPhase;
			buildActionMask = 2147483647;
			files = (
			);
			runOnlyForDeploymentPostprocessing = 0;
		};
		A6D86D0F1D692171007F0CA4 /* Frameworks */ = {
			isa = PBXFrameworksBuildPhase;
			buildActionMask = 2147483647;
			files = (
			);
			runOnlyForDeploymentPostprocessing = 0;
		};
		A6D86D1A1D692171007F0CA4 /* Frameworks */ = {
			isa = PBXFrameworksBuildPhase;
			buildActionMask = 2147483647;
			files = (
			);
			runOnlyForDeploymentPostprocessing = 0;
		};
/* End PBXFrameworksBuildPhase section */

/* Begin PBXGroup section */
		A6D86CF51D692171007F0CA4 = {
			isa = PBXGroup;
			children = (
				A6D86D001D692171007F0CA4 /* Westview */,
				A6D86D151D692171007F0CA4 /* WestviewTests */,
				A6D86D201D692171007F0CA4 /* WestviewUITests */,
				A6D86CFF1D692171007F0CA4 /* Products */,
			);
			sourceTree = "<group>";
		};
		A6D86CFF1D692171007F0CA4 /* Products */ = {
			isa = PBXGroup;
			children = (
				A6D86CFE1D692171007F0CA4 /* Westview.app */,
				A6D86D121D692171007F0CA4 /* WestviewTests.xctest */,
				A6D86D1D1D692171007F0CA4 /* WestviewUITests.xctest */,
			);
			name = Products;
			sourceTree = "<group>";
		};
		A6D86D001D692171007F0CA4 /* Westview */ = {
			isa = PBXGroup;
			children = (
				A6D86D361D692FF1007F0CA4 /* announcement.html */,
				A6D86D2F1D6928EA007F0CA4 /* CustomUICells */,
				A6D86D011D692171007F0CA4 /* AppDelegate.swift */,
				A6D86D3C1D694C23007F0CA4 /* ScheduleViewController.swift */,
				A6D86D031D692171007F0CA4 /* HomeViewController.swift */,
				A6D86D051D692171007F0CA4 /* Main.storyboard */,
				A65447281D6AB50300CE7BA6 /* ScheduleTableViewCell.swift */,
				A68E247C1D717B82001BA27B /* Period.swift */,
				A6D86D081D692171007F0CA4 /* Assets.xcassets */,
				A6D86D0A1D692171007F0CA4 /* LaunchScreen.storyboard */,
				A6D86D0D1D692171007F0CA4 /* Info.plist */,
				A65447261D6A99FD00CE7BA6 /* Announcement.swift */,
				A654472A1D6AB65900CE7BA6 /* Extensions.swift */,
			);
			path = Westview;
			sourceTree = "<group>";
		};
		A6D86D151D692171007F0CA4 /* WestviewTests */ = {
			isa = PBXGroup;
			children = (
				A6D86D161D692171007F0CA4 /* WestviewTests.swift */,
				A6D86D181D692171007F0CA4 /* Info.plist */,
			);
			path = WestviewTests;
			sourceTree = "<group>";
		};
		A6D86D201D692171007F0CA4 /* WestviewUITests */ = {
			isa = PBXGroup;
			children = (
				A6D86D211D692171007F0CA4 /* WestviewUITests.swift */,
				A6D86D231D692171007F0CA4 /* Info.plist */,
			);
			path = WestviewUITests;
			sourceTree = "<group>";
		};
		A6D86D2F1D6928EA007F0CA4 /* CustomUICells */ = {
			isa = PBXGroup;
			children = (
				A6D86D301D69290B007F0CA4 /* BlankTableViewCell.swift */,
				A6D86D351D692919007F0CA4 /* Announcements */,
				A6D86D341D69290F007F0CA4 /* Shortcuts */,
			);
			name = CustomUICells;
			sourceTree = "<group>";
		};
		A6D86D341D69290F007F0CA4 /* Shortcuts */ = {
			isa = PBXGroup;
			children = (
				A6D86D3A1D6944F8007F0CA4 /* ImageCollectionViewCell.swift */,
			);
			name = Shortcuts;
			sourceTree = "<group>";
		};
		A6D86D351D692919007F0CA4 /* Announcements */ = {
			isa = PBXGroup;
			children = (
			);
			name = Announcements;
			sourceTree = "<group>";
		};
/* End PBXGroup section */

/* Begin PBXNativeTarget section */
		A6D86CFD1D692171007F0CA4 /* Westview */ = {
			isa = PBXNativeTarget;
			buildConfigurationList = A6D86D261D692171007F0CA4 /* Build configuration list for PBXNativeTarget "Westview" */;
			buildPhases = (
				A6D86CFA1D692171007F0CA4 /* Sources */,
				A6D86CFB1D692171007F0CA4 /* Frameworks */,
				A6D86CFC1D692171007F0CA4 /* Resources */,
			);
			buildRules = (
			);
			dependencies = (
			);
			name = Westview;
			productName = Westview;
			productReference = A6D86CFE1D692171007F0CA4 /* Westview.app */;
			productType = "com.apple.product-type.application";
		};
		A6D86D111D692171007F0CA4 /* WestviewTests */ = {
			isa = PBXNativeTarget;
			buildConfigurationList = A6D86D291D692171007F0CA4 /* Build configuration list for PBXNativeTarget "WestviewTests" */;
			buildPhases = (
				A6D86D0E1D692171007F0CA4 /* Sources */,
				A6D86D0F1D692171007F0CA4 /* Frameworks */,
				A6D86D101D692171007F0CA4 /* Resources */,
			);
			buildRules = (
			);
			dependencies = (
				A6D86D141D692171007F0CA4 /* PBXTargetDependency */,
			);
			name = WestviewTests;
			productName = WestviewTests;
			productReference = A6D86D121D692171007F0CA4 /* WestviewTests.xctest */;
			productType = "com.apple.product-type.bundle.unit-test";
		};
		A6D86D1C1D692171007F0CA4 /* WestviewUITests */ = {
			isa = PBXNativeTarget;
			buildConfigurationList = A6D86D2C1D692171007F0CA4 /* Build configuration list for PBXNativeTarget "WestviewUITests" */;
			buildPhases = (
				A6D86D191D692171007F0CA4 /* Sources */,
				A6D86D1A1D692171007F0CA4 /* Frameworks */,
				A6D86D1B1D692171007F0CA4 /* Resources */,
			);
			buildRules = (
			);
			dependencies = (
				A6D86D1F1D692171007F0CA4 /* PBXTargetDependency */,
			);
			name = WestviewUITests;
			productName = WestviewUITests;
			productReference = A6D86D1D1D692171007F0CA4 /* WestviewUITests.xctest */;
			productType = "com.apple.product-type.bundle.ui-testing";
		};
/* End PBXNativeTarget section */

/* Begin PBXProject section */
		A6D86CF61D692171007F0CA4 /* Project object */ = {
			isa = PBXProject;
			attributes = {
				LastSwiftUpdateCheck = 0730;
				LastUpgradeCheck = 0730;
				ORGANIZATIONNAME = "Shah Industries";
				TargetAttributes = {
					A6D86CFD1D692171007F0CA4 = {
						CreatedOnToolsVersion = 7.3.1;
					};
					A6D86D111D692171007F0CA4 = {
						CreatedOnToolsVersion = 7.3.1;
						TestTargetID = A6D86CFD1D692171007F0CA4;
					};
					A6D86D1C1D692171007F0CA4 = {
						CreatedOnToolsVersion = 7.3.1;
						TestTargetID = A6D86CFD1D692171007F0CA4;
					};
				};
			};
			buildConfigurationList = A6D86CF91D692171007F0CA4 /* Build configuration list for PBXProject "Westview" */;
			compatibilityVersion = "Xcode 3.2";
			developmentRegion = English;
			hasScannedForEncodings = 0;
			knownRegions = (
				en,
				Base,
			);
			mainGroup = A6D86CF51D692171007F0CA4;
			productRefGroup = A6D86CFF1D692171007F0CA4 /* Products */;
			projectDirPath = "";
			projectRoot = "";
			targets = (
				A6D86CFD1D692171007F0CA4 /* Westview */,
				A6D86D111D692171007F0CA4 /* WestviewTests */,
				A6D86D1C1D692171007F0CA4 /* WestviewUITests */,
			);
		};
/* End PBXProject section */

/* Begin PBXResourcesBuildPhase section */
		A6D86CFC1D692171007F0CA4 /* Resources */ = {
			isa = PBXResourcesBuildPhase;
			buildActionMask = 2147483647;
			files = (
				A6D86D0C1D692171007F0CA4 /* LaunchScreen.storyboard in Resources */,
				A6D86D091D692171007F0CA4 /* Assets.xcassets in Resources */,
				A6D86D071D692171007F0CA4 /* Main.storyboard in Resources */,
				A6D86D371D692FF1007F0CA4 /* announcement.html in Resources */,
			);
			runOnlyForDeploymentPostprocessing = 0;
		};
		A6D86D101D692171007F0CA4 /* Resources */ = {
			isa = PBXResourcesBuildPhase;
			buildActionMask = 2147483647;
			files = (
			);
			runOnlyForDeploymentPostprocessing = 0;
		};
		A6D86D1B1D692171007F0CA4 /* Resources */ = {
			isa = PBXResourcesBuildPhase;
			buildActionMask = 2147483647;
			files = (
			);
			runOnlyForDeploymentPostprocessing = 0;
		};
/* End PBXResourcesBuildPhase section */

/* Begin PBXSourcesBuildPhase section */
		A6D86CFA1D692171007F0CA4 /* Sources */ = {
			isa = PBXSourcesBuildPhase;
			buildActionMask = 2147483647;
			files = (
				A65447271D6A99FD00CE7BA6 /* Announcement.swift in Sources */,
				A6D86D3D1D694C23007F0CA4 /* ScheduleViewController.swift in Sources */,
				A6D86D041D692171007F0CA4 /* HomeViewController.swift in Sources */,
				A654472B1D6AB65900CE7BA6 /* Extensions.swift in Sources */,
				A68E247D1D717B82001BA27B /* Period.swift in Sources */,
				A6D86D321D69290B007F0CA4 /* BlankTableViewCell.swift in Sources */,
				A6D86D3B1D6944F8007F0CA4 /* ImageCollectionViewCell.swift in Sources */,
				A65447291D6AB50300CE7BA6 /* ScheduleTableViewCell.swift in Sources */,
				A6D86D021D692171007F0CA4 /* AppDelegate.swift in Sources */,
			);
			runOnlyForDeploymentPostprocessing = 0;
		};
		A6D86D0E1D692171007F0CA4 /* Sources */ = {
			isa = PBXSourcesBuildPhase;
			buildActionMask = 2147483647;
			files = (
				A6D86D171D692171007F0CA4 /* WestviewTests.swift in Sources */,
			);
			runOnlyForDeploymentPostprocessing = 0;
		};
		A6D86D191D692171007F0CA4 /* Sources */ = {
			isa = PBXSourcesBuildPhase;
			buildActionMask = 2147483647;
			files = (
				A6D86D221D692171007F0CA4 /* WestviewUITests.swift in Sources */,
			);
			runOnlyForDeploymentPostprocessing = 0;
		};
/* End PBXSourcesBuildPhase section */

/* Begin PBXTargetDependency section */
		A6D86D141D692171007F0CA4 /* PBXTargetDependency */ = {
			isa = PBXTargetDependency;
			target = A6D86CFD1D692171007F0CA4 /* Westview */;
			targetProxy = A6D86D131D692171007F0CA4 /* PBXContainerItemProxy */;
		};
		A6D86D1F1D692171007F0CA4 /* PBXTargetDependency */ = {
			isa = PBXTargetDependency;
			target = A6D86CFD1D692171007F0CA4 /* Westview */;
			targetProxy = A6D86D1E1D692171007F0CA4 /* PBXContainerItemProxy */;
		};
/* End PBXTargetDependency section */

/* Begin PBXVariantGroup section */
		A6D86D051D692171007F0CA4 /* Main.storyboard */ = {
			isa = PBXVariantGroup;
			children = (
				A6D86D061D692171007F0CA4 /* Base */,
			);
			name = Main.storyboard;
			sourceTree = "<group>";
		};
		A6D86D0A1D692171007F0CA4 /* LaunchScreen.storyboard */ = {
			isa = PBXVariantGroup;
			children = (
				A6D86D0B1D692171007F0CA4 /* Base */,
			);
			name = LaunchScreen.storyboard;
			sourceTree = "<group>";
		};
/* End PBXVariantGroup section */

/* Begin XCBuildConfiguration section */
		A6D86D241D692171007F0CA4 /* Debug */ = {
			isa = XCBuildConfiguration;
			buildSettings = {
				ALWAYS_SEARCH_USER_PATHS = NO;
				CLANG_ANALYZER_NONNULL = YES;
				CLANG_CXX_LANGUAGE_STANDARD = "gnu++0x";
				CLANG_CXX_LIBRARY = "libc++";
				CLANG_ENABLE_MODULES = YES;
				CLANG_ENABLE_OBJC_ARC = YES;
				CLANG_WARN_BOOL_CONVERSION = YES;
				CLANG_WARN_CONSTANT_CONVERSION = YES;
				CLANG_WARN_DIRECT_OBJC_ISA_USAGE = YES_ERROR;
				CLANG_WARN_EMPTY_BODY = YES;
				CLANG_WARN_ENUM_CONVERSION = YES;
				CLANG_WARN_INT_CONVERSION = YES;
				CLANG_WARN_OBJC_ROOT_CLASS = YES_ERROR;
				CLANG_WARN_UNREACHABLE_CODE = YES;
				CLANG_WARN__DUPLICATE_METHOD_MATCH = YES;
				"CODE_SIGN_IDENTITY[sdk=iphoneos*]" = "iPhone Developer";
				COPY_PHASE_STRIP = NO;
				DEBUG_INFORMATION_FORMAT = dwarf;
				ENABLE_STRICT_OBJC_MSGSEND = YES;
				ENABLE_TESTABILITY = YES;
				GCC_C_LANGUAGE_STANDARD = gnu99;
				GCC_DYNAMIC_NO_PIC = NO;
				GCC_NO_COMMON_BLOCKS = YES;
				GCC_OPTIMIZATION_LEVEL = 0;
				GCC_PREPROCESSOR_DEFINITIONS = (
					"DEBUG=1",
					"$(inherited)",
				);
				GCC_WARN_64_TO_32_BIT_CONVERSION = YES;
				GCC_WARN_ABOUT_RETURN_TYPE = YES_ERROR;
				GCC_WARN_UNDECLARED_SELECTOR = YES;
				GCC_WARN_UNINITIALIZED_AUTOS = YES_AGGRESSIVE;
				GCC_WARN_UNUSED_FUNCTION = YES;
				GCC_WARN_UNUSED_VARIABLE = YES;
				IPHONEOS_DEPLOYMENT_TARGET = 9.3;
				MTL_ENABLE_DEBUG_INFO = YES;
				ONLY_ACTIVE_ARCH = YES;
				SDKROOT = iphoneos;
				SWIFT_OPTIMIZATION_LEVEL = "-Onone";
				TARGETED_DEVICE_FAMILY = "1,2";
			};
			name = Debug;
		};
		A6D86D251D692171007F0CA4 /* Release */ = {
			isa = XCBuildConfiguration;
			buildSettings = {
				ALWAYS_SEARCH_USER_PATHS = NO;
				CLANG_ANALYZER_NONNULL = YES;
				CLANG_CXX_LANGUAGE_STANDARD = "gnu++0x";
				CLANG_CXX_LIBRARY = "libc++";
				CLANG_ENABLE_MODULES = YES;
				CLANG_ENABLE_OBJC_ARC = YES;
				CLANG_WARN_BOOL_CONVERSION = YES;
				CLANG_WARN_CONSTANT_CONVERSION = YES;
				CLANG_WARN_DIRECT_OBJC_ISA_USAGE = YES_ERROR;
				CLANG_WARN_EMPTY_BODY = YES;
				CLANG_WARN_ENUM_CONVERSION = YES;
				CLANG_WARN_INT_CONVERSION = YES;
				CLANG_WARN_OBJC_ROOT_CLASS = YES_ERROR;
				CLANG_WARN_UNREACHABLE_CODE = YES;
				CLANG_WARN__DUPLICATE_METHOD_MATCH = YES;
				"CODE_SIGN_IDENTITY[sdk=iphoneos*]" = "iPhone Developer";
				COPY_PHASE_STRIP = NO;
				DEBUG_INFORMATION_FORMAT = "dwarf-with-dsym";
				ENABLE_NS_ASSERTIONS = NO;
				ENABLE_STRICT_OBJC_MSGSEND = YES;
				GCC_C_LANGUAGE_STANDARD = gnu99;
				GCC_NO_COMMON_BLOCKS = YES;
				GCC_WARN_64_TO_32_BIT_CONVERSION = YES;
				GCC_WARN_ABOUT_RETURN_TYPE = YES_ERROR;
				GCC_WARN_UNDECLARED_SELECTOR = YES;
				GCC_WARN_UNINITIALIZED_AUTOS = YES_AGGRESSIVE;
				GCC_WARN_UNUSED_FUNCTION = YES;
				GCC_WARN_UNUSED_VARIABLE = YES;
				IPHONEOS_DEPLOYMENT_TARGET = 9.3;
				MTL_ENABLE_DEBUG_INFO = NO;
				SDKROOT = iphoneos;
				TARGETED_DEVICE_FAMILY = "1,2";
				VALIDATE_PRODUCT = YES;
			};
			name = Release;
		};
		A6D86D271D692171007F0CA4 /* Debug */ = {
			isa = XCBuildConfiguration;
			buildSettings = {
				ASSETCATALOG_COMPILER_APPICON_NAME = AppIcon;
				INFOPLIST_FILE = Westview/Info.plist;
				IPHONEOS_DEPLOYMENT_TARGET = 8.0;
				LD_RUNPATH_SEARCH_PATHS = "$(inherited) @executable_path/Frameworks";
				PRODUCT_BUNDLE_IDENTIFIER = one.ShahIndustries.Westview;
				PRODUCT_NAME = "$(TARGET_NAME)";
			};
			name = Debug;
		};
		A6D86D281D692171007F0CA4 /* Release */ = {
			isa = XCBuildConfiguration;
			buildSettings = {
				ASSETCATALOG_COMPILER_APPICON_NAME = AppIcon;
				INFOPLIST_FILE = Westview/Info.plist;
				IPHONEOS_DEPLOYMENT_TARGET = 8.0;
				LD_RUNPATH_SEARCH_PATHS = "$(inherited) @executable_path/Frameworks";
				PRODUCT_BUNDLE_IDENTIFIER = one.ShahIndustries.Westview;
				PRODUCT_NAME = "$(TARGET_NAME)";
			};
			name = Release;
		};
		A6D86D2A1D692171007F0CA4 /* Debug */ = {
			isa = XCBuildConfiguration;
			buildSettings = {
				BUNDLE_LOADER = "$(TEST_HOST)";
				INFOPLIST_FILE = WestviewTests/Info.plist;
				LD_RUNPATH_SEARCH_PATHS = "$(inherited) @executable_path/Frameworks @loader_path/Frameworks";
				PRODUCT_BUNDLE_IDENTIFIER = one.ShahIndustries.WestviewTests;
				PRODUCT_NAME = "$(TARGET_NAME)";
				TEST_HOST = "$(BUILT_PRODUCTS_DIR)/Westview.app/Westview";
			};
			name = Debug;
		};
		A6D86D2B1D692171007F0CA4 /* Release */ = {
			isa = XCBuildConfiguration;
			buildSettings = {
				BUNDLE_LOADER = "$(TEST_HOST)";
				INFOPLIST_FILE = WestviewTests/Info.plist;
				LD_RUNPATH_SEARCH_PATHS = "$(inherited) @executable_path/Frameworks @loader_path/Frameworks";
				PRODUCT_BUNDLE_IDENTIFIER = one.ShahIndustries.WestviewTests;
				PRODUCT_NAME = "$(TARGET_NAME)";
				TEST_HOST = "$(BUILT_PRODUCTS_DIR)/Westview.app/Westview";
			};
			name = Release;
		};
		A6D86D2D1D692171007F0CA4 /* Debug */ = {
			isa = XCBuildConfiguration;
			buildSettings = {
				INFOPLIST_FILE = WestviewUITests/Info.plist;
				LD_RUNPATH_SEARCH_PATHS = "$(inherited) @executable_path/Frameworks @loader_path/Frameworks";
				PRODUCT_BUNDLE_IDENTIFIER = one.ShahIndustries.WestviewUITests;
				PRODUCT_NAME = "$(TARGET_NAME)";
				TEST_TARGET_NAME = Westview;
			};
			name = Debug;
		};
		A6D86D2E1D692171007F0CA4 /* Release */ = {
			isa = XCBuildConfiguration;
			buildSettings = {
				INFOPLIST_FILE = WestviewUITests/Info.plist;
				LD_RUNPATH_SEARCH_PATHS = "$(inherited) @executable_path/Frameworks @loader_path/Frameworks";
				PRODUCT_BUNDLE_IDENTIFIER = one.ShahIndustries.WestviewUITests;
				PRODUCT_NAME = "$(TARGET_NAME)";
				TEST_TARGET_NAME = Westview;
			};
			name = Release;
		};
/* End XCBuildConfiguration section */

/* Begin XCConfigurationList section */
		A6D86CF91D692171007F0CA4 /* Build configuration list for PBXProject "Westview" */ = {
			isa = XCConfigurationList;
			buildConfigurations = (
				A6D86D241D692171007F0CA4 /* Debug */,
				A6D86D251D692171007F0CA4 /* Release */,
			);
			defaultConfigurationIsVisible = 0;
			defaultConfigurationName = Release;
		};
		A6D86D261D692171007F0CA4 /* Build configuration list for PBXNativeTarget "Westview" */ = {
			isa = XCConfigurationList;
			buildConfigurations = (
				A6D86D271D692171007F0CA4 /* Debug */,
				A6D86D281D692171007F0CA4 /* Release */,
			);
			defaultConfigurationIsVisible = 0;
			defaultConfigurationName = Release;
		};
		A6D86D291D692171007F0CA4 /* Build configuration list for PBXNativeTarget "WestviewTests" */ = {
			isa = XCConfigurationList;
			buildConfigurations = (
				A6D86D2A1D692171007F0CA4 /* Debug */,
				A6D86D2B1D692171007F0CA4 /* Release */,
			);
			defaultConfigurationIsVisible = 0;
			defaultConfigurationName = Release;
		};
		A6D86D2C1D692171007F0CA4 /* Build configuration list for PBXNativeTarget "WestviewUITests" */ = {
			isa = XCConfigurationList;
			buildConfigurations = (
				A6D86D2D1D692171007F0CA4 /* Debug */,
				A6D86D2E1D692171007F0CA4 /* Release */,
			);
			defaultConfigurationIsVisible = 0;
			defaultConfigurationName = Release;
		};
/* End XCConfigurationList section */
	};
	rootObject = A6D86CF61D692171007F0CA4 /* Project object */;
}
